github.com/cespare/xxhash/v2 v2.2.0 h1:DC2CZ1Ep5Y4k3ZQ899DldepgrayRUGE6BBZ/cd9Cj44=
github.com/cespare/xxhash/v2 v2.2.0/go.mod h1:VGX0DQ3Q6kWi7AoAeZDth3/j3BqPcfZed1aSy8216GQ=
github.com/dgryski/go-rendezvous v0.0.0-20200823014737-9f7001d12a5f h1:lO4WD4F/rVNCu3HqELle0jiPLLBs70cWOduZpkS1E78=
github.com/dgryski/go-rendezvous v0.0.0-20200823014737-9f7001d12a5f/go.mod h1:cuUVRXasLTGF7a8hSLbxyZXjz+1KgoB3wDUb6vlszIc=
github.com/go-chi/chi/v5 v5.0.10 h1:rLz5avzKpjqaBR9IRpx15bV6dNbBZwnaFPMfHVB62wk=
github.com/go-chi/chi/v5 v5.0.10/go.mod h1:DslCQbL2OYiznFReuXYUmQ2hGd1aDpCnlMNITLSKoi8=
github.com/google/uuid v1.4.0 h1:MtMxsa51/r9yyhkyLsVeVt0B+BGQZzpQiTQ4eHZ8bc4=
github.com/google/uuid v1.4.0/go.mod h1:TIyPZe4MgqvfeYDBFedMoGGpEw/LqOeaOT+nhxU+yHo=
github.com/jackc/pgpassfile v1.0.0 h1:/6Hmqy13Ss2zCq62VdNG8px6/GVjahUv/OR0WgNoYp8=
github.com/jackc/pgpassfile v1.0.0/go.mod h1:CEx0iS5ambNFdcRtxPj5JhEz+xB6uRky5eyVu/W2HEg=
github.com/jackc/pgservicefile v0.0.0-20231201235250-de7065d787f7 h1:7/G2dASjZ7vKK8O7GBHh5uyLx66Q7Y39bPqLrCZsVm0=
github.com/jackc/pgservicefile v0.0.0-20231201235250-de7065d787f7/go.mod h1:0G7bMEg7dnAD+Eo7iU4MxMOI5Lx5+JTNN2Gm1s3bro=
github.com/jackc/pgx/v5 v5.5.0 h1:IG8andBFDmhfhnuCz5sW5nHlVa0TVFV5Zx+KZg2LlkU=
github.com/jackc/pgx/v5 v5.5.0/go.mod h1:ez9gd+YNOFODxd8MxUCbHxEPTFXJEO3CCZbmLBaR2RY=
github.com/klauspost/compress v1.17.0 h1:/ggbze63FedRiX8nwQODBc/eMKomEzUPPpXZkCPBMf4=
github.com/klauspost/compress v1.17.0/go.mod h1:ntbaceVETuRiXiv4DpjP66DpAtAGkEQskQzEyD//IeE=
github.com/nats-io/nats.go v1.31.0 h1:/WNSILbRYSNTQULuemFObzDXm2iBNfanD6WXPqzP0TY=
github.com/nats-io/nats.go v1.31.0/go.mod h1:di3iBM5MLFJMgpnxnFiXFi6KgTuDb6cFCFYMYqZfISs=
github.com/nats-io/nkeys v0.4.6 h1:IcPs5bGkbkLR8lWRI3bFEEcTBjCZ5clVfGMvg6glAnw=
github.com/nats-io/nkeys v0.4.6/go.mod h1:4DxZNzenSVd1cYQoAa8948QY3QDjrHfcfVADymtkpts=
github.com/nats-io/nuid v1.0.1 h1:5iA8DT8V7q8WK2EScv2padNa/rTESc1KdnPw4TC2paw=
github.com/nats-io/nuid v1.0.1/go.mod h1:19wcPz3Ph3q0Jbyiqsd0kePYG7A95tJPxeL+1OSON2c=
github.com/redis/go-redis/v9 v9.3.0 h1:RNejSCpMSNGKRoJyXKGTfVpCCfgsDE7kBNpCDP36y1I=
github.com/redis/go-redis/v9 v9.3.0/go.mod h1:hdY0cQFCN4fnSYT6TkisLufl/4W5UIXyv0b/CLO2V2E=
golang.org/x/crypto v0.16.0 h1:mMMrFzRSCF0GvB7Ne27XVtVAaXYWOdkPYwl0zIkfng4=
golang.org/x/crypto v0.16.0/go.mod h1:gCAAfMLgwOJRpTjQ2zCCt2OcSfYMTeZVSRtQlPC7Nq4=
golang.org/x/text v0.14.0 h1:ScX5w1eTa3QqT8oi6+ziP7dTV1S0nnz3etmL/pvLiGk=
golang.org/x/text v0.14.0/go.mod h1:18ZOQIKpY8NJVqYksKHtTdi31H5itFRjB5/qKTNYzSU=